// !$*UTF8*$!
{
	archiveVersion = 1;
	classes = {
	};
	objectVersion = 56;
	objects = {

/* Begin PBXBuildFile section */
		E24271822ADD7E6A0041CFF4 /* ToDoListSwiftUIApp.swift in Sources */ = {isa = PBXBuildFile; fileRef = E24271812ADD7E6A0041CFF4 /* ToDoListSwiftUIApp.swift */; };
		E24271842ADD7E6A0041CFF4 /* MainView.swift in Sources */ = {isa = PBXBuildFile; fileRef = E24271832ADD7E6A0041CFF4 /* MainView.swift */; };
		E24271862ADD7E6B0041CFF4 /* Assets.xcassets in Resources */ = {isa = PBXBuildFile; fileRef = E24271852ADD7E6B0041CFF4 /* Assets.xcassets */; };
		E24271892ADD7E6B0041CFF4 /* Preview Assets.xcassets in Resources */ = {isa = PBXBuildFile; fileRef = E24271882ADD7E6B0041CFF4 /* Preview Assets.xcassets */; };
		E24271912ADE91B70041CFF4 /* FirebaseAuth in Frameworks */ = {isa = PBXBuildFile; productRef = E24271902ADE91B70041CFF4 /* FirebaseAuth */; };
		E24271932ADE91B70041CFF4 /* FirebaseFirestore in Frameworks */ = {isa = PBXBuildFile; productRef = E24271922ADE91B70041CFF4 /* FirebaseFirestore */; };
		E24271952ADE91B70041CFF4 /* FirebaseFirestoreSwift in Frameworks */ = {isa = PBXBuildFile; productRef = E24271942ADE91B70041CFF4 /* FirebaseFirestoreSwift */; };
		E25AFD0A2AEFB9FD005F3013 /* GoogleService-Info.plist in Resources */ = {isa = PBXBuildFile; fileRef = E25AFD092AEFB9FD005F3013 /* GoogleService-Info.plist */; };
		E25AFD132AEFBD03005F3013 /* ProfileView.swift in Sources */ = {isa = PBXBuildFile; fileRef = E25AFD122AEFBD03005F3013 /* ProfileView.swift */; };
		E25AFD152AEFBD17005F3013 /* ToDoListView.swift in Sources */ = {isa = PBXBuildFile; fileRef = E25AFD142AEFBD17005F3013 /* ToDoListView.swift */; };
		E25AFD172AEFBD30005F3013 /* NewItemView.swift in Sources */ = {isa = PBXBuildFile; fileRef = E25AFD162AEFBD30005F3013 /* NewItemView.swift */; };
		E25AFD192AEFBD3C005F3013 /* LoginView.swift in Sources */ = {isa = PBXBuildFile; fileRef = E25AFD182AEFBD3C005F3013 /* LoginView.swift */; };
		E25AFD1B2AEFBD4B005F3013 /* RegisterView.swift in Sources */ = {isa = PBXBuildFile; fileRef = E25AFD1A2AEFBD4B005F3013 /* RegisterView.swift */; };
		E25AFD1D2AEFBD74005F3013 /* ToDoListItemView.swift in Sources */ = {isa = PBXBuildFile; fileRef = E25AFD1C2AEFBD74005F3013 /* ToDoListItemView.swift */; };
		E25AFD1F2AEFBDA2005F3013 /* User.swift in Sources */ = {isa = PBXBuildFile; fileRef = E25AFD1E2AEFBDA2005F3013 /* User.swift */; };
		E25AFD212AEFBDBF005F3013 /* ToDoListItem.swift in Sources */ = {isa = PBXBuildFile; fileRef = E25AFD202AEFBDBF005F3013 /* ToDoListItem.swift */; };
		E25AFD232AEFBE19005F3013 /* MainViewViewModel.swift in Sources */ = {isa = PBXBuildFile; fileRef = E25AFD222AEFBE19005F3013 /* MainViewViewModel.swift */; };
		E25AFD252AEFBE39005F3013 /* ProfileViewViewModel.swift in Sources */ = {isa = PBXBuildFile; fileRef = E25AFD242AEFBE39005F3013 /* ProfileViewViewModel.swift */; };
		E25AFD272AEFBE5B005F3013 /* ToDoListViewViewModel.swift in Sources */ = {isa = PBXBuildFile; fileRef = E25AFD262AEFBE5B005F3013 /* ToDoListViewViewModel.swift */; };
		E25AFD292AEFBE6E005F3013 /* NewItemViewViewModel.swift in Sources */ = {isa = PBXBuildFile; fileRef = E25AFD282AEFBE6E005F3013 /* NewItemViewViewModel.swift */; };
		E25AFD2B2AEFBE84005F3013 /* LoginViewViewModel.swift in Sources */ = {isa = PBXBuildFile; fileRef = E25AFD2A2AEFBE84005F3013 /* LoginViewViewModel.swift */; };
		E25AFD2D2AEFBE91005F3013 /* RegisterViewViewModel.swift in Sources */ = {isa = PBXBuildFile; fileRef = E25AFD2C2AEFBE91005F3013 /* RegisterViewViewModel.swift */; };
		E25AFD2F2AEFBEA6005F3013 /* ToDoListItemViewViewModel.swift in Sources */ = {isa = PBXBuildFile; fileRef = E25AFD2E2AEFBEA6005F3013 /* ToDoListItemViewViewModel.swift */; };
		E25AFD312AEFD420005F3013 /* HeaderView.swift in Sources */ = {isa = PBXBuildFile; fileRef = E25AFD302AEFD420005F3013 /* HeaderView.swift */; };
		E25AFD332AEFE030005F3013 /* TLButton.swift in Sources */ = {isa = PBXBuildFile; fileRef = E25AFD322AEFE030005F3013 /* TLButton.swift */; };
		E25AFD352AF0391C005F3013 /* Extensions.swift in Sources */ = {isa = PBXBuildFile; fileRef = E25AFD342AF0391C005F3013 /* Extensions.swift */; };
/* End PBXBuildFile section */

/* Begin PBXFileReference section */
		E242717E2ADD7E6A0041CFF4 /* ToDoList(SwiftUI).app */ = {isa = PBXFileReference; explicitFileType = wrapper.application; includeInIndex = 0; path = "ToDoList(SwiftUI).app"; sourceTree = BUILT_PRODUCTS_DIR; };
		E24271812ADD7E6A0041CFF4 /* ToDoListSwiftUIApp.swift */ = {isa = PBXFileReference; lastKnownFileType = sourcecode.swift; path = ToDoListSwiftUIApp.swift; sourceTree = "<group>"; };
		E24271832ADD7E6A0041CFF4 /* MainView.swift */ = {isa = PBXFileReference; lastKnownFileType = sourcecode.swift; path = MainView.swift; sourceTree = "<group>"; };
		E24271852ADD7E6B0041CFF4 /* Assets.xcassets */ = {isa = PBXFileReference; lastKnownFileType = folder.assetcatalog; path = Assets.xcassets; sourceTree = "<group>"; };
		E24271882ADD7E6B0041CFF4 /* Preview Assets.xcassets */ = {isa = PBXFileReference; lastKnownFileType = folder.assetcatalog; path = "Preview Assets.xcassets"; sourceTree = "<group>"; };
		E25AFD092AEFB9FD005F3013 /* GoogleService-Info.plist */ = {isa = PBXFileReference; fileEncoding = 4; lastKnownFileType = text.plist.xml; path = "GoogleService-Info.plist"; sourceTree = "<group>"; };
		E25AFD122AEFBD03005F3013 /* ProfileView.swift */ = {isa = PBXFileReference; lastKnownFileType = sourcecode.swift; path = ProfileView.swift; sourceTree = "<group>"; };
		E25AFD142AEFBD17005F3013 /* ToDoListView.swift */ = {isa = PBXFileReference; lastKnownFileType = sourcecode.swift; path = ToDoListView.swift; sourceTree = "<group>"; };
		E25AFD162AEFBD30005F3013 /* NewItemView.swift */ = {isa = PBXFileReference; lastKnownFileType = sourcecode.swift; path = NewItemView.swift; sourceTree = "<group>"; };
		E25AFD182AEFBD3C005F3013 /* LoginView.swift */ = {isa = PBXFileReference; lastKnownFileType = sourcecode.swift; path = LoginView.swift; sourceTree = "<group>"; };
		E25AFD1A2AEFBD4B005F3013 /* RegisterView.swift */ = {isa = PBXFileReference; lastKnownFileType = sourcecode.swift; path = RegisterView.swift; sourceTree = "<group>"; };
		E25AFD1C2AEFBD74005F3013 /* ToDoListItemView.swift */ = {isa = PBXFileReference; lastKnownFileType = sourcecode.swift; path = ToDoListItemView.swift; sourceTree = "<group>"; };
		E25AFD1E2AEFBDA2005F3013 /* User.swift */ = {isa = PBXFileReference; lastKnownFileType = sourcecode.swift; path = User.swift; sourceTree = "<group>"; };
		E25AFD202AEFBDBF005F3013 /* ToDoListItem.swift */ = {isa = PBXFileReference; lastKnownFileType = sourcecode.swift; path = ToDoListItem.swift; sourceTree = "<group>"; };
		E25AFD222AEFBE19005F3013 /* MainViewViewModel.swift */ = {isa = PBXFileReference; lastKnownFileType = sourcecode.swift; path = MainViewViewModel.swift; sourceTree = "<group>"; };
		E25AFD242AEFBE39005F3013 /* ProfileViewViewModel.swift */ = {isa = PBXFileReference; lastKnownFileType = sourcecode.swift; path = ProfileViewViewModel.swift; sourceTree = "<group>"; };
		E25AFD262AEFBE5B005F3013 /* ToDoListViewViewModel.swift */ = {isa = PBXFileReference; lastKnownFileType = sourcecode.swift; path = ToDoListViewViewModel.swift; sourceTree = "<group>"; };
		E25AFD282AEFBE6E005F3013 /* NewItemViewViewModel.swift */ = {isa = PBXFileReference; lastKnownFileType = sourcecode.swift; path = NewItemViewViewModel.swift; sourceTree = "<group>"; };
		E25AFD2A2AEFBE84005F3013 /* LoginViewViewModel.swift */ = {isa = PBXFileReference; lastKnownFileType = sourcecode.swift; path = LoginViewViewModel.swift; sourceTree = "<group>"; };
		E25AFD2C2AEFBE91005F3013 /* RegisterViewViewModel.swift */ = {isa = PBXFileReference; lastKnownFileType = sourcecode.swift; path = RegisterViewViewModel.swift; sourceTree = "<group>"; };
		E25AFD2E2AEFBEA6005F3013 /* ToDoListItemViewViewModel.swift */ = {isa = PBXFileReference; lastKnownFileType = sourcecode.swift; path = ToDoListItemViewViewModel.swift; sourceTree = "<group>"; };
		E25AFD302AEFD420005F3013 /* HeaderView.swift */ = {isa = PBXFileReference; lastKnownFileType = sourcecode.swift; path = HeaderView.swift; sourceTree = "<group>"; };
		E25AFD322AEFE030005F3013 /* TLButton.swift */ = {isa = PBXFileReference; lastKnownFileType = sourcecode.swift; path = TLButton.swift; sourceTree = "<group>"; };
		E25AFD342AF0391C005F3013 /* Extensions.swift */ = {isa = PBXFileReference; lastKnownFileType = sourcecode.swift; path = Extensions.swift; sourceTree = "<group>"; };
/* End PBXFileReference section */

/* Begin PBXFrameworksBuildPhase section */
		E242717B2ADD7E6A0041CFF4 /* Frameworks */ = {
			isa = PBXFrameworksBuildPhase;
			buildActionMask = 2147483647;
			files = (
				E24271912ADE91B70041CFF4 /* FirebaseAuth in Frameworks */,
				E24271932ADE91B70041CFF4 /* FirebaseFirestore in Frameworks */,
				E24271952ADE91B70041CFF4 /* FirebaseFirestoreSwift in Frameworks */,
			);
			runOnlyForDeploymentPostprocessing = 0;
		};
/* End PBXFrameworksBuildPhase section */

/* Begin PBXGroup section */
		E24271752ADD7E6A0041CFF4 = {
			isa = PBXGroup;
			children = (
				E24271802ADD7E6A0041CFF4 /* ToDoList(SwiftUI) */,
				E242717F2ADD7E6A0041CFF4 /* Products */,
			);
			sourceTree = "<group>";
		};
		E242717F2ADD7E6A0041CFF4 /* Products */ = {
			isa = PBXGroup;
			children = (
				E242717E2ADD7E6A0041CFF4 /* ToDoList(SwiftUI).app */,
			);
			name = Products;
			sourceTree = "<group>";
		};
		E24271802ADD7E6A0041CFF4 /* ToDoList(SwiftUI) */ = {
			isa = PBXGroup;
			children = (
				E25AFD0F2AEFBB9B005F3013 /* Other */,
				E25AFD0E2AEFBB7E005F3013 /* Models */,
				E25AFD0D2AEFBB59005F3013 /* ViewModels */,
				E25AFD0C2AEFBB48005F3013 /* Views */,
				E24271872ADD7E6B0041CFF4 /* Preview Content */,
			);
			path = "ToDoList(SwiftUI)";
			sourceTree = "<group>";
		};
		E24271872ADD7E6B0041CFF4 /* Preview Content */ = {
			isa = PBXGroup;
			children = (
				E24271882ADD7E6B0041CFF4 /* Preview Assets.xcassets */,
			);
			path = "Preview Content";
			sourceTree = "<group>";
		};
		E25AFD0C2AEFBB48005F3013 /* Views */ = {
			isa = PBXGroup;
			children = (
				E24271832ADD7E6A0041CFF4 /* MainView.swift */,
				E25AFD122AEFBD03005F3013 /* ProfileView.swift */,
				E25AFD142AEFBD17005F3013 /* ToDoListView.swift */,
				E25AFD162AEFBD30005F3013 /* NewItemView.swift */,
				E25AFD182AEFBD3C005F3013 /* LoginView.swift */,
				E25AFD1A2AEFBD4B005F3013 /* RegisterView.swift */,
				E25AFD1C2AEFBD74005F3013 /* ToDoListItemView.swift */,
				E25AFD302AEFD420005F3013 /* HeaderView.swift */,
				E25AFD322AEFE030005F3013 /* TLButton.swift */,
			);
			path = Views;
			sourceTree = "<group>";
		};
		E25AFD0D2AEFBB59005F3013 /* ViewModels */ = {
			isa = PBXGroup;
			children = (
				E25AFD222AEFBE19005F3013 /* MainViewViewModel.swift */,
				E25AFD242AEFBE39005F3013 /* ProfileViewViewModel.swift */,
				E25AFD262AEFBE5B005F3013 /* ToDoListViewViewModel.swift */,
				E25AFD282AEFBE6E005F3013 /* NewItemViewViewModel.swift */,
				E25AFD2A2AEFBE84005F3013 /* LoginViewViewModel.swift */,
				E25AFD2C2AEFBE91005F3013 /* RegisterViewViewModel.swift */,
				E25AFD2E2AEFBEA6005F3013 /* ToDoListItemViewViewModel.swift */,
			);
			path = ViewModels;
			sourceTree = "<group>";
		};
		E25AFD0E2AEFBB7E005F3013 /* Models */ = {
			isa = PBXGroup;
			children = (
				E25AFD1E2AEFBDA2005F3013 /* User.swift */,
				E25AFD202AEFBDBF005F3013 /* ToDoListItem.swift */,
			);
			path = Models;
			sourceTree = "<group>";
		};
		E25AFD0F2AEFBB9B005F3013 /* Other */ = {
			isa = PBXGroup;
			children = (
				E24271852ADD7E6B0041CFF4 /* Assets.xcassets */,
				E25AFD092AEFB9FD005F3013 /* GoogleService-Info.plist */,
				E24271812ADD7E6A0041CFF4 /* ToDoListSwiftUIApp.swift */,
				E25AFD342AF0391C005F3013 /* Extensions.swift */,
			);
			path = Other;
			sourceTree = "<group>";
		};
/* End PBXGroup section */

/* Begin PBXNativeTarget section */
		E242717D2ADD7E6A0041CFF4 /* ToDoList(SwiftUI) */ = {
			isa = PBXNativeTarget;
			buildConfigurationList = E242718C2ADD7E6B0041CFF4 /* Build configuration list for PBXNativeTarget "ToDoList(SwiftUI)" */;
			buildPhases = (
				E242717A2ADD7E6A0041CFF4 /* Sources */,
				E242717B2ADD7E6A0041CFF4 /* Frameworks */,
				E242717C2ADD7E6A0041CFF4 /* Resources */,
			);
			buildRules = (
			);
			dependencies = (
			);
			name = "ToDoList(SwiftUI)";
			packageProductDependencies = (
				E24271902ADE91B70041CFF4 /* FirebaseAuth */,
				E24271922ADE91B70041CFF4 /* FirebaseFirestore */,
				E24271942ADE91B70041CFF4 /* FirebaseFirestoreSwift */,
			);
			productName = "ToDoList(SwiftUI)";
			productReference = E242717E2ADD7E6A0041CFF4 /* ToDoList(SwiftUI).app */;
			productType = "com.apple.product-type.application";
		};
/* End PBXNativeTarget section */

/* Begin PBXProject section */
		E24271762ADD7E6A0041CFF4 /* Project object */ = {
			isa = PBXProject;
			attributes = {
				BuildIndependentTargetsInParallel = 1;
				LastSwiftUpdateCheck = 1430;
				LastUpgradeCheck = 1430;
				TargetAttributes = {
					E242717D2ADD7E6A0041CFF4 = {
						CreatedOnToolsVersion = 14.3.1;
					};
				};
			};
			buildConfigurationList = E24271792ADD7E6A0041CFF4 /* Build configuration list for PBXProject "ToDoList(SwiftUI)" */;
			compatibilityVersion = "Xcode 14.0";
			developmentRegion = en;
			hasScannedForEncodings = 0;
			knownRegions = (
				en,
				Base,
			);
			mainGroup = E24271752ADD7E6A0041CFF4;
			packageReferences = (
				E242718F2ADE91B70041CFF4 /* XCRemoteSwiftPackageReference "firebase-ios-sdk" */,
			);
			productRefGroup = E242717F2ADD7E6A0041CFF4 /* Products */;
			projectDirPath = "";
			projectRoot = "";
			targets = (
				E242717D2ADD7E6A0041CFF4 /* ToDoList(SwiftUI) */,
			);
		};
/* End PBXProject section */

/* Begin PBXResourcesBuildPhase section */
		E242717C2ADD7E6A0041CFF4 /* Resources */ = {
			isa = PBXResourcesBuildPhase;
			buildActionMask = 2147483647;
			files = (
				E24271892ADD7E6B0041CFF4 /* Preview Assets.xcassets in Resources */,
				E24271862ADD7E6B0041CFF4 /* Assets.xcassets in Resources */,
				E25AFD0A2AEFB9FD005F3013 /* GoogleService-Info.plist in Resources */,
			);
			runOnlyForDeploymentPostprocessing = 0;
		};
/* End PBXResourcesBuildPhase section */

/* Begin PBXSourcesBuildPhase section */
		E242717A2ADD7E6A0041CFF4 /* Sources */ = {
			isa = PBXSourcesBuildPhase;
			buildActionMask = 2147483647;
			files = (
				E25AFD192AEFBD3C005F3013 /* LoginView.swift in Sources */,
				E25AFD312AEFD420005F3013 /* HeaderView.swift in Sources */,
				E24271842ADD7E6A0041CFF4 /* MainView.swift in Sources */,
				E25AFD2D2AEFBE91005F3013 /* RegisterViewViewModel.swift in Sources */,
				E25AFD232AEFBE19005F3013 /* MainViewViewModel.swift in Sources */,
				E25AFD132AEFBD03005F3013 /* ProfileView.swift in Sources */,
				E25AFD1B2AEFBD4B005F3013 /* RegisterView.swift in Sources */,
				E25AFD332AEFE030005F3013 /* TLButton.swift in Sources */,
				E25AFD252AEFBE39005F3013 /* ProfileViewViewModel.swift in Sources */,
				E25AFD152AEFBD17005F3013 /* ToDoListView.swift in Sources */,
				E25AFD1F2AEFBDA2005F3013 /* User.swift in Sources */,
				E25AFD1D2AEFBD74005F3013 /* ToDoListItemView.swift in Sources */,
				E25AFD272AEFBE5B005F3013 /* ToDoListViewViewModel.swift in Sources */,
				E25AFD2B2AEFBE84005F3013 /* LoginViewViewModel.swift in Sources */,
				E24271822ADD7E6A0041CFF4 /* ToDoListSwiftUIApp.swift in Sources */,
				E25AFD352AF0391C005F3013 /* Extensions.swift in Sources */,
				E25AFD212AEFBDBF005F3013 /* ToDoListItem.swift in Sources */,
				E25AFD172AEFBD30005F3013 /* NewItemView.swift in Sources */,
				E25AFD292AEFBE6E005F3013 /* NewItemViewViewModel.swift in Sources */,
				E25AFD2F2AEFBEA6005F3013 /* ToDoListItemViewViewModel.swift in Sources */,
			);
			runOnlyForDeploymentPostprocessing = 0;
		};
/* End PBXSourcesBuildPhase section */

/* Begin XCBuildConfiguration section */
		E242718A2ADD7E6B0041CFF4 /* Debug */ = {
			isa = XCBuildConfiguration;
			buildSettings = {
				ALWAYS_SEARCH_USER_PATHS = NO;
				CLANG_ANALYZER_NONNULL = YES;
				CLANG_ANALYZER_NUMBER_OBJECT_CONVERSION = YES_AGGRESSIVE;
				CLANG_CXX_LANGUAGE_STANDARD = "gnu++20";
				CLANG_ENABLE_MODULES = YES;
				CLANG_ENABLE_OBJC_ARC = YES;
				CLANG_ENABLE_OBJC_WEAK = YES;
				CLANG_WARN_BLOCK_CAPTURE_AUTORELEASING = YES;
				CLANG_WARN_BOOL_CONVERSION = YES;
				CLANG_WARN_COMMA = YES;
				CLANG_WARN_CONSTANT_CONVERSION = YES;
				CLANG_WARN_DEPRECATED_OBJC_IMPLEMENTATIONS = YES;
				CLANG_WARN_DIRECT_OBJC_ISA_USAGE = YES_ERROR;
				CLANG_WARN_DOCUMENTATION_COMMENTS = YES;
				CLANG_WARN_EMPTY_BODY = YES;
				CLANG_WARN_ENUM_CONVERSION = YES;
				CLANG_WARN_INFINITE_RECURSION = YES;
				CLANG_WARN_INT_CONVERSION = YES;
				CLANG_WARN_NON_LITERAL_NULL_CONVERSION = YES;
				CLANG_WARN_OBJC_IMPLICIT_RETAIN_SELF = YES;
				CLANG_WARN_OBJC_LITERAL_CONVERSION = YES;
				CLANG_WARN_OBJC_ROOT_CLASS = YES_ERROR;
				CLANG_WARN_QUOTED_INCLUDE_IN_FRAMEWORK_HEADER = YES;
				CLANG_WARN_RANGE_LOOP_ANALYSIS = YES;
				CLANG_WARN_STRICT_PROTOTYPES = YES;
				CLANG_WARN_SUSPICIOUS_MOVE = YES;
				CLANG_WARN_UNGUARDED_AVAILABILITY = YES_AGGRESSIVE;
				CLANG_WARN_UNREACHABLE_CODE = YES;
				CLANG_WARN__DUPLICATE_METHOD_MATCH = YES;
				COPY_PHASE_STRIP = NO;
				DEBUG_INFORMATION_FORMAT = dwarf;
				ENABLE_STRICT_OBJC_MSGSEND = YES;
				ENABLE_TESTABILITY = YES;
				GCC_C_LANGUAGE_STANDARD = gnu11;
				GCC_DYNAMIC_NO_PIC = NO;
				GCC_NO_COMMON_BLOCKS = YES;
				GCC_OPTIMIZATION_LEVEL = 0;
				GCC_PREPROCESSOR_DEFINITIONS = (
					"DEBUG=1",
					"$(inherited)",
				);
				GCC_WARN_64_TO_32_BIT_CONVERSION = YES;
				GCC_WARN_ABOUT_RETURN_TYPE = YES_ERROR;
				GCC_WARN_UNDECLARED_SELECTOR = YES;
				GCC_WARN_UNINITIALIZED_AUTOS = YES_AGGRESSIVE;
				GCC_WARN_UNUSED_FUNCTION = YES;
				GCC_WARN_UNUSED_VARIABLE = YES;
				IPHONEOS_DEPLOYMENT_TARGET = 16.4;
				MTL_ENABLE_DEBUG_INFO = INCLUDE_SOURCE;
				MTL_FAST_MATH = YES;
				ONLY_ACTIVE_ARCH = YES;
				SDKROOT = iphoneos;
				SWIFT_ACTIVE_COMPILATION_CONDITIONS = DEBUG;
				SWIFT_OPTIMIZATION_LEVEL = "-Onone";
			};
			name = Debug;
		};
		E242718B2ADD7E6B0041CFF4 /* Release */ = {
			isa = XCBuildConfiguration;
			buildSettings = {
				ALWAYS_SEARCH_USER_PATHS = NO;
				CLANG_ANALYZER_NONNULL = YES;
				CLANG_ANALYZER_NUMBER_OBJECT_CONVERSION = YES_AGGRESSIVE;
				CLANG_CXX_LANGUAGE_STANDARD = "gnu++20";
				CLANG_ENABLE_MODULES = YES;
				CLANG_ENABLE_OBJC_ARC = YES;
				CLANG_ENABLE_OBJC_WEAK = YES;
				CLANG_WARN_BLOCK_CAPTURE_AUTORELEASING = YES;
				CLANG_WARN_BOOL_CONVERSION = YES;
				CLANG_WARN_COMMA = YES;
				CLANG_WARN_CONSTANT_CONVERSION = YES;
				CLANG_WARN_DEPRECATED_OBJC_IMPLEMENTATIONS = YES;
				CLANG_WARN_DIRECT_OBJC_ISA_USAGE = YES_ERROR;
				CLANG_WARN_DOCUMENTATION_COMMENTS = YES;
				CLANG_WARN_EMPTY_BODY = YES;
				CLANG_WARN_ENUM_CONVERSION = YES;
				CLANG_WARN_INFINITE_RECURSION = YES;
				CLANG_WARN_INT_CONVERSION = YES;
				CLANG_WARN_NON_LITERAL_NULL_CONVERSION = YES;
				CLANG_WARN_OBJC_IMPLICIT_RETAIN_SELF = YES;
				CLANG_WARN_OBJC_LITERAL_CONVERSION = YES;
				CLANG_WARN_OBJC_ROOT_CLASS = YES_ERROR;
				CLANG_WARN_QUOTED_INCLUDE_IN_FRAMEWORK_HEADER = YES;
				CLANG_WARN_RANGE_LOOP_ANALYSIS = YES;
				CLANG_WARN_STRICT_PROTOTYPES = YES;
				CLANG_WARN_SUSPICIOUS_MOVE = YES;
				CLANG_WARN_UNGUARDED_AVAILABILITY = YES_AGGRESSIVE;
				CLANG_WARN_UNREACHABLE_CODE = YES;
				CLANG_WARN__DUPLICATE_METHOD_MATCH = YES;
				COPY_PHASE_STRIP = NO;
				DEBUG_INFORMATION_FORMAT = "dwarf-with-dsym";
				ENABLE_NS_ASSERTIONS = NO;
				ENABLE_STRICT_OBJC_MSGSEND = YES;
				GCC_C_LANGUAGE_STANDARD = gnu11;
				GCC_NO_COMMON_BLOCKS = YES;
				GCC_WARN_64_TO_32_BIT_CONVERSION = YES;
				GCC_WARN_ABOUT_RETURN_TYPE = YES_ERROR;
				GCC_WARN_UNDECLARED_SELECTOR = YES;
				GCC_WARN_UNINITIALIZED_AUTOS = YES_AGGRESSIVE;
				GCC_WARN_UNUSED_FUNCTION = YES;
				GCC_WARN_UNUSED_VARIABLE = YES;
				IPHONEOS_DEPLOYMENT_TARGET = 16.4;
				MTL_ENABLE_DEBUG_INFO = NO;
				MTL_FAST_MATH = YES;
				SDKROOT = iphoneos;
				SWIFT_COMPILATION_MODE = wholemodule;
				SWIFT_OPTIMIZATION_LEVEL = "-O";
				VALIDATE_PRODUCT = YES;
			};
			name = Release;
		};
		E242718D2ADD7E6B0041CFF4 /* Debug */ = {
			isa = XCBuildConfiguration;
			buildSettings = {
				ASSETCATALOG_COMPILER_APPICON_NAME = AppIcon;
				ASSETCATALOG_COMPILER_GLOBAL_ACCENT_COLOR_NAME = AccentColor;
				CODE_SIGN_STYLE = Automatic;
				CURRENT_PROJECT_VERSION = 1;
				DEVELOPMENT_ASSET_PATHS = "\"ToDoList(SwiftUI)/Preview Content\"";
				DEVELOPMENT_TEAM = 349457PCD7;
				ENABLE_PREVIEWS = YES;
				GENERATE_INFOPLIST_FILE = YES;
				INFOPLIST_KEY_UIApplicationSceneManifest_Generation = YES;
				INFOPLIST_KEY_UIApplicationSupportsIndirectInputEvents = YES;
				INFOPLIST_KEY_UILaunchScreen_Generation = YES;
				INFOPLIST_KEY_UISupportedInterfaceOrientations_iPad = "UIInterfaceOrientationPortrait UIInterfaceOrientationPortraitUpsideDown UIInterfaceOrientationLandscapeLeft UIInterfaceOrientationLandscapeRight";
				INFOPLIST_KEY_UISupportedInterfaceOrientations_iPhone = "UIInterfaceOrientationPortrait UIInterfaceOrientationLandscapeLeft UIInterfaceOrientationLandscapeRight";
				LD_RUNPATH_SEARCH_PATHS = (
					"$(inherited)",
					"@executable_path/Frameworks",
				);
				MARKETING_VERSION = 1.0;
				PRODUCT_BUNDLE_IDENTIFIER = "wlad.ToDoList-SwiftUI-";
				PRODUCT_NAME = "$(TARGET_NAME)";
				SWIFT_EMIT_LOC_STRINGS = YES;
				SWIFT_VERSION = 5.0;
				TARGETED_DEVICE_FAMILY = "1,2";
			};
			name = Debug;
		};
		E242718E2ADD7E6B0041CFF4 /* Release */ = {
			isa = XCBuildConfiguration;
			buildSettings = {
				ASSETCATALOG_COMPILER_APPICON_NAME = AppIcon;
				ASSETCATALOG_COMPILER_GLOBAL_ACCENT_COLOR_NAME = AccentColor;
				CODE_SIGN_STYLE = Automatic;
				CURRENT_PROJECT_VERSION = 1;
				DEVELOPMENT_ASSET_PATHS = "\"ToDoList(SwiftUI)/Preview Content\"";
				DEVELOPMENT_TEAM = 349457PCD7;
				ENABLE_PREVIEWS = YES;
				GENERATE_INFOPLIST_FILE = YES;
				INFOPLIST_KEY_UIApplicationSceneManifest_Generation = YES;
				INFOPLIST_KEY_UIApplicationSupportsIndirectInputEvents = YES;
				INFOPLIST_KEY_UILaunchScreen_Generation = YES;
				INFOPLIST_KEY_UISupportedInterfaceOrientations_iPad = "UIInterfaceOrientationPortrait UIInterfaceOrientationPortraitUpsideDown UIInterfaceOrientationLandscapeLeft UIInterfaceOrientationLandscapeRight";
				INFOPLIST_KEY_UISupportedInterfaceOrientations_iPhone = "UIInterfaceOrientationPortrait UIInterfaceOrientationLandscapeLeft UIInterfaceOrientationLandscapeRight";
				LD_RUNPATH_SEARCH_PATHS = (
					"$(inherited)",
					"@executable_path/Frameworks",
				);
				MARKETING_VERSION = 1.0;
				PRODUCT_BUNDLE_IDENTIFIER = "wlad.ToDoList-SwiftUI-";
				PRODUCT_NAME = "$(TARGET_NAME)";
				SWIFT_EMIT_LOC_STRINGS = YES;
				SWIFT_VERSION = 5.0;
				TARGETED_DEVICE_FAMILY = "1,2";
			};
			name = Release;
		};
/* End XCBuildConfiguration section */

/* Begin XCConfigurationList section */
		E24271792ADD7E6A0041CFF4 /* Build configuration list for PBXProject "ToDoList(SwiftUI)" */ = {
			isa = XCConfigurationList;
			buildConfigurations = (
				E242718A2ADD7E6B0041CFF4 /* Debug */,
				E242718B2ADD7E6B0041CFF4 /* Release */,
			);
			defaultConfigurationIsVisible = 0;
			defaultConfigurationName = Release;
		};
		E242718C2ADD7E6B0041CFF4 /* Build configuration list for PBXNativeTarget "ToDoList(SwiftUI)" */ = {
			isa = XCConfigurationList;
			buildConfigurations = (
				E242718D2ADD7E6B0041CFF4 /* Debug */,
				E242718E2ADD7E6B0041CFF4 /* Release */,
			);
			defaultConfigurationIsVisible = 0;
			defaultConfigurationName = Release;
		};
/* End XCConfigurationList section */

/* Begin XCRemoteSwiftPackageReference section */
		E242718F2ADE91B70041CFF4 /* XCRemoteSwiftPackageReference "firebase-ios-sdk" */ = {
			isa = XCRemoteSwiftPackageReference;
			repositoryURL = "https://github.com/firebase/firebase-ios-sdk";
			requirement = {
				kind = upToNextMajorVersion;
				minimumVersion = 10.0.0;
			};
		};
/* End XCRemoteSwiftPackageReference section */

/* Begin XCSwiftPackageProductDependency section */
		E24271902ADE91B70041CFF4 /* FirebaseAuth */ = {
			isa = XCSwiftPackageProductDependency;
			package = E242718F2ADE91B70041CFF4 /* XCRemoteSwiftPackageReference "firebase-ios-sdk" */;
			productName = FirebaseAuth;
		};
		E24271922ADE91B70041CFF4 /* FirebaseFirestore */ = {
			isa = XCSwiftPackageProductDependency;
			package = E242718F2ADE91B70041CFF4 /* XCRemoteSwiftPackageReference "firebase-ios-sdk" */;
			productName = FirebaseFirestore;
		};
		E24271942ADE91B70041CFF4 /* FirebaseFirestoreSwift */ = {
			isa = XCSwiftPackageProductDependency;
			package = E242718F2ADE91B70041CFF4 /* XCRemoteSwiftPackageReference "firebase-ios-sdk" */;
			productName = FirebaseFirestoreSwift;
		};
/* End XCSwiftPackageProductDependency section */
	};
	rootObject = E24271762ADD7E6A0041CFF4 /* Project object */;
}
